
Microsoft Visual Studio Solution File, Format Version 12.00
# Visual Studio Version 17
VisualStudioVersion = 17.2.32526.322
MinimumVisualStudioVersion = 10.0.40219.1
Project("{2150E333-8FDC-42A3-9474-1A3956D46DE8}") = "BackendServices", "BackendServices", "{05475B61-3C42-425A-9D92-9EA01960CCFC}"
EndProject
Project("{2150E333-8FDC-42A3-9474-1A3956D46DE8}") = "FrontendServices", "FrontendServices", "{CD521A84-53F9-4E7D-A576-A2C55E301C61}"
EndProject
Project("{2150E333-8FDC-42A3-9474-1A3956D46DE8}") = "APIGateways", "APIGateways", "{52C5D53C-E430-420A-8D66-DCF33DB4A01E}"
EndProject
Project("{2150E333-8FDC-42A3-9474-1A3956D46DE8}") = "Commom", "Commom", "{526557D3-2931-49F2-9E72-82F56302AE6D}"
EndProject
Project("{2150E333-8FDC-42A3-9474-1A3956D46DE8}") = "PremiumCalculator", "PremiumCalculator", "{3F6D2CBB-3491-44B4-AB4E-69570F04D112}"
EndProject
Project("{2150E333-8FDC-42A3-9474-1A3956D46DE8}") = "Docs", "Docs", "{FDE15BDF-7299-4030-BF1A-8F3E60600CAC}"
	ProjectSection(SolutionItems) = preProject
		Readme.md = Readme.md
	EndProjectSection
EndProject
Project("{FAE04EC0-301F-11D3-BF4B-00C04F79EFBC}") = "PremiumCalculator.Domain", "BackendServices\PremiumCalculator\PremiumCalculator.Domain\PremiumCalculator.Domain.csproj", "{8AD29AB6-E07A-4879-8D08-716C26BFB681}"
EndProject
Project("{FAE04EC0-301F-11D3-BF4B-00C04F79EFBC}") = "PremiumCalculator.Application", "BackendServices\PremiumCalculator\PremiumCalculator.Application\PremiumCalculator.Application.csproj", "{ED0E2F94-E589-4624-8598-AC83304D7111}"
EndProject
Project("{FAE04EC0-301F-11D3-BF4B-00C04F79EFBC}") = "PremiumCalculator.Infrastructure", "BackendServices\PremiumCalculator\PremiumCalculator.Infrastructure\PremiumCalculator.Infrastructure.csproj", "{BCF5FADF-DA18-4409-A1BD-F2EFE6FD9352}"
EndProject
Project("{FAE04EC0-301F-11D3-BF4B-00C04F79EFBC}") = "PremiumCalculator.API", "BackendServices\PremiumCalculator\PremiumCalculator.API\PremiumCalculator.API.csproj", "{0DEB0B16-3F7D-4E22-B1FB-F368D8958C59}"
EndProject
Project("{FAE04EC0-301F-11D3-BF4B-00C04F79EFBC}") = "InsureApp.web", "FrontendServices\InsureApp\InsureApp.web.csproj", "{71ED72C9-1969-478A-AAD9-8EB73B55C245}"
EndProject
Project("{2150E333-8FDC-42A3-9474-1A3956D46DE8}") = "Test", "Test", "{02EA681E-C7D8-13C7-8484-4AC65E1B71E8}"
EndProject
Project("{2150E333-8FDC-42A3-9474-1A3956D46DE8}") = "Deployment", "Deployment", "{0D0601F5-CF5D-4731-AAEE-D03C35B5C7A9}"
EndProject
Project("{FAE04EC0-301F-11D3-BF4B-00C04F79EFBC}") = "AppGateway", "APIGateways\AppGateway\AppGateway.csproj", "{AB3169B9-8103-AA84-64E8-96B09D7A2E4B}"
EndProject
Global
	GlobalSection(SolutionConfigurationPlatforms) = preSolution
		Debug|Any CPU = Debug|Any CPU
		Release|Any CPU = Release|Any CPU
	EndGlobalSection
	GlobalSection(ProjectConfigurationPlatforms) = postSolution
		{8AD29AB6-E07A-4879-8D08-716C26BFB681}.Debug|Any CPU.ActiveCfg = Debug|Any CPU
		{8AD29AB6-E07A-4879-8D08-716C26BFB681}.Debug|Any CPU.Build.0 = Debug|Any CPU
		{8AD29AB6-E07A-4879-8D08-716C26BFB681}.Release|Any CPU.ActiveCfg = Release|Any CPU
		{8AD29AB6-E07A-4879-8D08-716C26BFB681}.Release|Any CPU.Build.0 = Release|Any CPU
		{ED0E2F94-E589-4624-8598-AC83304D7111}.Debug|Any CPU.ActiveCfg = Debug|Any CPU
		{ED0E2F94-E589-4624-8598-AC83304D7111}.Debug|Any CPU.Build.0 = Debug|Any CPU
		{ED0E2F94-E589-4624-8598-AC83304D7111}.Release|Any CPU.ActiveCfg = Release|Any CPU
		{ED0E2F94-E589-4624-8598-AC83304D7111}.Release|Any CPU.Build.0 = Release|Any CPU
		{BCF5FADF-DA18-4409-A1BD-F2EFE6FD9352}.Debug|Any CPU.ActiveCfg = Debug|Any CPU
		{BCF5FADF-DA18-4409-A1BD-F2EFE6FD9352}.Debug|Any CPU.Build.0 = Debug|Any CPU
		{BCF5FADF-DA18-4409-A1BD-F2EFE6FD9352}.Release|Any CPU.ActiveCfg = Release|Any CPU
		{BCF5FADF-DA18-4409-A1BD-F2EFE6FD9352}.Release|Any CPU.Build.0 = Release|Any CPU
		{0DEB0B16-3F7D-4E22-B1FB-F368D8958C59}.Debug|Any CPU.ActiveCfg = Debug|Any CPU
		{0DEB0B16-3F7D-4E22-B1FB-F368D8958C59}.Debug|Any CPU.Build.0 = Debug|Any CPU
		{0DEB0B16-3F7D-4E22-B1FB-F368D8958C59}.Release|Any CPU.ActiveCfg = Release|Any CPU
		{0DEB0B16-3F7D-4E22-B1FB-F368D8958C59}.Release|Any CPU.Build.0 = Release|Any CPU
		{71ED72C9-1969-478A-AAD9-8EB73B55C245}.Debug|Any CPU.ActiveCfg = Debug|Any CPU
		{71ED72C9-1969-478A-AAD9-8EB73B55C245}.Debug|Any CPU.Build.0 = Debug|Any CPU
		{71ED72C9-1969-478A-AAD9-8EB73B55C245}.Release|Any CPU.ActiveCfg = Release|Any CPU
		{71ED72C9-1969-478A-AAD9-8EB73B55C245}.Release|Any CPU.Build.0 = Release|Any CPU
		{AB3169B9-8103-AA84-64E8-96B09D7A2E4B}.Debug|Any CPU.ActiveCfg = Debug|Any CPU
		{AB3169B9-8103-AA84-64E8-96B09D7A2E4B}.Debug|Any CPU.Build.0 = Debug|Any CPU
		{AB3169B9-8103-AA84-64E8-96B09D7A2E4B}.Release|Any CPU.ActiveCfg = Release|Any CPU
		{AB3169B9-8103-AA84-64E8-96B09D7A2E4B}.Release|Any CPU.Build.0 = Release|Any CPU
	EndGlobalSection
	GlobalSection(SolutionProperties) = preSolution
		HideSolutionNode = FALSE
	EndGlobalSection
	GlobalSection(NestedProjects) = preSolution
		{3F6D2CBB-3491-44B4-AB4E-69570F04D112} = {05475B61-3C42-425A-9D92-9EA01960CCFC}
		{8AD29AB6-E07A-4879-8D08-716C26BFB681} = {3F6D2CBB-3491-44B4-AB4E-69570F04D112}
		{ED0E2F94-E589-4624-8598-AC83304D7111} = {3F6D2CBB-3491-44B4-AB4E-69570F04D112}
		{BCF5FADF-DA18-4409-A1BD-F2EFE6FD9352} = {3F6D2CBB-3491-44B4-AB4E-69570F04D112}
		{0DEB0B16-3F7D-4E22-B1FB-F368D8958C59} = {3F6D2CBB-3491-44B4-AB4E-69570F04D112}
		{71ED72C9-1969-478A-AAD9-8EB73B55C245} = {CD521A84-53F9-4E7D-A576-A2C55E301C61}
		{AB3169B9-8103-AA84-64E8-96B09D7A2E4B} = {52C5D53C-E430-420A-8D66-DCF33DB4A01E}
	EndGlobalSection
	GlobalSection(ExtensibilityGlobals) = postSolution
		SolutionGuid = {7079F35B-066D-4946-A69E-9ABE388C741F}
	EndGlobalSection
EndGlobal
